[[package]]
name = "names"
version = "0.3.0"
description = "Generate random names"
category = "main"
optional = false
python-versions = "*"

[metadata]
lock-version = "1.1"
python-versions = "^3.8"
content-hash = "28f3c7f96bc2898b7231a497d3ca2aee83734a404e7e1173578bd6d258dd0e1a"

[metadata.files]
names = []
